
Microsoft Visual Studio Solution File, Format Version 12.00
# Visual Studio Version 16
VisualStudioVersion = 16.0.30804.86
MinimumVisualStudioVersion = 10.0.40219.1
Project("{9A19103F-16F7-4668-BE54-9A1E7A4F7556}") = "09.ForceBook", "09.ForceBook\09.ForceBook.csproj", "{6EE2F3AD-AA7D-4FA9-9C31-35B1016BE001}"
EndProject
Project("{9A19103F-16F7-4668-BE54-9A1E7A4F7556}") = "10.SoftUniExamResults", "10.SoftUniExamResults\10.SoftUniExamResults.csproj", "{0DED90ED-4F3E-42DE-9B82-3C4F74D44477}"
EndProject
Project("{FAE04EC0-301F-11D3-BF4B-00C04F79EFBC}") = "01.Ranking", "01. Ranking\01.Ranking.csproj", "{A826EB4C-6FCE-445C-AB72-782DD15BCACF}"
EndProject
Global
	GlobalSection(SolutionConfigurationPlatforms) = preSolution
		Debug|Any CPU = Debug|Any CPU
		Release|Any CPU = Release|Any CPU
	EndGlobalSection
	GlobalSection(ProjectConfigurationPlatforms) = postSolution
		{6EE2F3AD-AA7D-4FA9-9C31-35B1016BE001}.Debug|Any CPU.ActiveCfg = Debug|Any CPU
		{6EE2F3AD-AA7D-4FA9-9C31-35B1016BE001}.Debug|Any CPU.Build.0 = Debug|Any CPU
		{6EE2F3AD-AA7D-4FA9-9C31-35B1016BE001}.Release|Any CPU.ActiveCfg = Release|Any CPU
		{6EE2F3AD-AA7D-4FA9-9C31-35B1016BE001}.Release|Any CPU.Build.0 = Release|Any CPU
		{0DED90ED-4F3E-42DE-9B82-3C4F74D44477}.Debug|Any CPU.ActiveCfg = Debug|Any CPU
		{0DED90ED-4F3E-42DE-9B82-3C4F74D44477}.Debug|Any CPU.Build.0 = Debug|Any CPU
		{0DED90ED-4F3E-42DE-9B82-3C4F74D44477}.Release|Any CPU.ActiveCfg = Release|Any CPU
		{0DED90ED-4F3E-42DE-9B82-3C4F74D44477}.Release|Any CPU.Build.0 = Release|Any CPU
		{A826EB4C-6FCE-445C-AB72-782DD15BCACF}.Debug|Any CPU.ActiveCfg = Debug|Any CPU
		{A826EB4C-6FCE-445C-AB72-782DD15BCACF}.Debug|Any CPU.Build.0 = Debug|Any CPU
		{A826EB4C-6FCE-445C-AB72-782DD15BCACF}.Release|Any CPU.ActiveCfg = Release|Any CPU
		{A826EB4C-6FCE-445C-AB72-782DD15BCACF}.Release|Any CPU.Build.0 = Release|Any CPU
	EndGlobalSection
	GlobalSection(SolutionProperties) = preSolution
		HideSolutionNode = FALSE
	EndGlobalSection
	GlobalSection(ExtensibilityGlobals) = postSolution
		SolutionGuid = {43D25419-DC04-4880-B9E8-64E09B8A6345}
	EndGlobalSection
EndGlobal
