
Microsoft Visual Studio Solution File, Format Version 12.00
# Visual Studio Version 16
VisualStudioVersion = 16.0.30907.101
MinimumVisualStudioVersion = 10.0.40219.1
Project("{FAE04EC0-301F-11D3-BF4B-00C04F79EFBC}") = "PersonsInfo", "Encapsulation\PersonsInfo.csproj", "{F3FC1C69-F2FD-4348-878A-04728F79CAD0}"
EndProject
Global
	GlobalSection(SolutionConfigurationPlatforms) = preSolution
		Debug|Any CPU = Debug|Any CPU
		Release|Any CPU = Release|Any CPU
	EndGlobalSection
	GlobalSection(ProjectConfigurationPlatforms) = postSolution
		{F3FC1C69-F2FD-4348-878A-04728F79CAD0}.Debug|Any CPU.ActiveCfg = Debug|Any CPU
		{F3FC1C69-F2FD-4348-878A-04728F79CAD0}.Debug|Any CPU.Build.0 = Debug|Any CPU
		{F3FC1C69-F2FD-4348-878A-04728F79CAD0}.Release|Any CPU.ActiveCfg = Release|Any CPU
		{F3FC1C69-F2FD-4348-878A-04728F79CAD0}.Release|Any CPU.Build.0 = Release|Any CPU
	EndGlobalSection
	GlobalSection(SolutionProperties) = preSolution
		HideSolutionNode = FALSE
	EndGlobalSection
	GlobalSection(ExtensibilityGlobals) = postSolution
		SolutionGuid = {33699878-B79D-4B8A-847C-842578849299}
	EndGlobalSection
EndGlobal
