
Microsoft Visual Studio Solution File, Format Version 12.00
# Visual Studio Version 16
VisualStudioVersion = 16.0.31515.178
MinimumVisualStudioVersion = 10.0.40219.1
Project("{9A19103F-16F7-4668-BE54-9A1E7A4F7556}") = "01.StudentSystem", "01.StudentSystem\01.StudentSystem.csproj", "{A650D993-879E-4DBC-8425-A99D8BDBA2EE}"
EndProject
Project("{FAE04EC0-301F-11D3-BF4B-00C04F79EFBC}") = "03.FootballBetting", "03.FootballBetting\03.FootballBetting.csproj", "{CCC58E30-7CC4-4DB3-A4B1-5DFF7409AB41}"
EndProject
Project("{FAE04EC0-301F-11D3-BF4B-00C04F79EFBC}") = "03.FootballBetting.Data", "03.FootballBetting.Data\03.FootballBetting.Data.csproj", "{E68F0EA0-64C0-4D42-B45D-550B11C76614}"
EndProject
Project("{FAE04EC0-301F-11D3-BF4B-00C04F79EFBC}") = "03.FootballBetting.Data.Models", "03.FootballBetting.Data.Models\03.FootballBetting.Data.Models.csproj", "{916A2AEC-17C9-43AE-AFCF-D90CEAB731EF}"
EndProject
Global
	GlobalSection(SolutionConfigurationPlatforms) = preSolution
		Debug|Any CPU = Debug|Any CPU
		Release|Any CPU = Release|Any CPU
	EndGlobalSection
	GlobalSection(ProjectConfigurationPlatforms) = postSolution
		{A650D993-879E-4DBC-8425-A99D8BDBA2EE}.Debug|Any CPU.ActiveCfg = Debug|Any CPU
		{A650D993-879E-4DBC-8425-A99D8BDBA2EE}.Debug|Any CPU.Build.0 = Debug|Any CPU
		{A650D993-879E-4DBC-8425-A99D8BDBA2EE}.Release|Any CPU.ActiveCfg = Release|Any CPU
		{A650D993-879E-4DBC-8425-A99D8BDBA2EE}.Release|Any CPU.Build.0 = Release|Any CPU
		{CCC58E30-7CC4-4DB3-A4B1-5DFF7409AB41}.Debug|Any CPU.ActiveCfg = Debug|Any CPU
		{CCC58E30-7CC4-4DB3-A4B1-5DFF7409AB41}.Debug|Any CPU.Build.0 = Debug|Any CPU
		{CCC58E30-7CC4-4DB3-A4B1-5DFF7409AB41}.Release|Any CPU.ActiveCfg = Release|Any CPU
		{CCC58E30-7CC4-4DB3-A4B1-5DFF7409AB41}.Release|Any CPU.Build.0 = Release|Any CPU
		{E68F0EA0-64C0-4D42-B45D-550B11C76614}.Debug|Any CPU.ActiveCfg = Debug|Any CPU
		{E68F0EA0-64C0-4D42-B45D-550B11C76614}.Debug|Any CPU.Build.0 = Debug|Any CPU
		{E68F0EA0-64C0-4D42-B45D-550B11C76614}.Release|Any CPU.ActiveCfg = Release|Any CPU
		{E68F0EA0-64C0-4D42-B45D-550B11C76614}.Release|Any CPU.Build.0 = Release|Any CPU
		{916A2AEC-17C9-43AE-AFCF-D90CEAB731EF}.Debug|Any CPU.ActiveCfg = Debug|Any CPU
		{916A2AEC-17C9-43AE-AFCF-D90CEAB731EF}.Debug|Any CPU.Build.0 = Debug|Any CPU
		{916A2AEC-17C9-43AE-AFCF-D90CEAB731EF}.Release|Any CPU.ActiveCfg = Release|Any CPU
		{916A2AEC-17C9-43AE-AFCF-D90CEAB731EF}.Release|Any CPU.Build.0 = Release|Any CPU
	EndGlobalSection
	GlobalSection(SolutionProperties) = preSolution
		HideSolutionNode = FALSE
	EndGlobalSection
	GlobalSection(ExtensibilityGlobals) = postSolution
		SolutionGuid = {93E1A203-4042-48E3-AF95-8FBC27739241}
	EndGlobalSection
EndGlobal
