
Microsoft Visual Studio Solution File, Format Version 12.00
# Visual Studio Version 16
VisualStudioVersion = 16.0.31515.178
MinimumVisualStudioVersion = 10.0.40219.1
Project("{FAE04EC0-301F-11D3-BF4B-00C04F79EFBC}") = "01.StudentSystem", "01.StudentSystem\01.StudentSystem.csproj", "{A650D993-879E-4DBC-8425-A99D8BDBA2EE}"
EndProject
Global
	GlobalSection(SolutionConfigurationPlatforms) = preSolution
		Debug|Any CPU = Debug|Any CPU
		Release|Any CPU = Release|Any CPU
	EndGlobalSection
	GlobalSection(ProjectConfigurationPlatforms) = postSolution
		{A650D993-879E-4DBC-8425-A99D8BDBA2EE}.Debug|Any CPU.ActiveCfg = Debug|Any CPU
		{A650D993-879E-4DBC-8425-A99D8BDBA2EE}.Debug|Any CPU.Build.0 = Debug|Any CPU
		{A650D993-879E-4DBC-8425-A99D8BDBA2EE}.Release|Any CPU.ActiveCfg = Release|Any CPU
		{A650D993-879E-4DBC-8425-A99D8BDBA2EE}.Release|Any CPU.Build.0 = Release|Any CPU
	EndGlobalSection
	GlobalSection(SolutionProperties) = preSolution
		HideSolutionNode = FALSE
	EndGlobalSection
	GlobalSection(ExtensibilityGlobals) = postSolution
		SolutionGuid = {93E1A203-4042-48E3-AF95-8FBC27739241}
	EndGlobalSection
EndGlobal
