
Microsoft Visual Studio Solution File, Format Version 12.00
# Visual Studio Version 16
VisualStudioVersion = 16.0.31515.178
MinimumVisualStudioVersion = 10.0.40219.1
Project("{9A19103F-16F7-4668-BE54-9A1E7A4F7556}") = "01.HospitalDatabase", "01.HospitalDatabase\01.HospitalDatabase.csproj", "{C6544F4F-6978-4A91-9902-07EE21FA1F39}"
EndProject
Project("{FAE04EC0-301F-11D3-BF4B-00C04F79EFBC}") = "03.SalesDatabase", "03.SalesDatabase\03.SalesDatabase.csproj", "{170D1C44-048E-42E0-A422-778CB5452737}"
EndProject
Global
	GlobalSection(SolutionConfigurationPlatforms) = preSolution
		Debug|Any CPU = Debug|Any CPU
		Release|Any CPU = Release|Any CPU
	EndGlobalSection
	GlobalSection(ProjectConfigurationPlatforms) = postSolution
		{C6544F4F-6978-4A91-9902-07EE21FA1F39}.Debug|Any CPU.ActiveCfg = Debug|Any CPU
		{C6544F4F-6978-4A91-9902-07EE21FA1F39}.Debug|Any CPU.Build.0 = Debug|Any CPU
		{C6544F4F-6978-4A91-9902-07EE21FA1F39}.Release|Any CPU.ActiveCfg = Release|Any CPU
		{C6544F4F-6978-4A91-9902-07EE21FA1F39}.Release|Any CPU.Build.0 = Release|Any CPU
		{170D1C44-048E-42E0-A422-778CB5452737}.Debug|Any CPU.ActiveCfg = Debug|Any CPU
		{170D1C44-048E-42E0-A422-778CB5452737}.Debug|Any CPU.Build.0 = Debug|Any CPU
		{170D1C44-048E-42E0-A422-778CB5452737}.Release|Any CPU.ActiveCfg = Release|Any CPU
		{170D1C44-048E-42E0-A422-778CB5452737}.Release|Any CPU.Build.0 = Release|Any CPU
	EndGlobalSection
	GlobalSection(SolutionProperties) = preSolution
		HideSolutionNode = FALSE
	EndGlobalSection
	GlobalSection(ExtensibilityGlobals) = postSolution
		SolutionGuid = {0DFEEC9A-5626-4896-BAFC-E4EBB41105A9}
	EndGlobalSection
EndGlobal
