
Microsoft Visual Studio Solution File, Format Version 12.00
# Visual Studio Version 16
VisualStudioVersion = 16.0.30804.86
MinimumVisualStudioVersion = 10.0.40219.1
Project("{FAE04EC0-301F-11D3-BF4B-00C04F79EFBC}") = "01.ReverseString", "01.ReverseString\01.ReverseString.csproj", "{50CEB43C-FFCA-4D20-9EFE-67A143474BE2}"
EndProject
Project("{FAE04EC0-301F-11D3-BF4B-00C04F79EFBC}") = "02.RepeatStrings", "02.RepeatStrings\02.RepeatStrings.csproj", "{2F1EB349-DBC1-4D80-8985-D16538902129}"
EndProject
Project("{FAE04EC0-301F-11D3-BF4B-00C04F79EFBC}") = "03.Substring", "03.Substring\03.Substring.csproj", "{B5DE7F8C-EF3A-46C2-9224-492E967E659F}"
EndProject
Project("{FAE04EC0-301F-11D3-BF4B-00C04F79EFBC}") = "04.TextFilter", "04.TextFilter\04.TextFilter.csproj", "{386BE109-09E1-4959-8383-F8A91AA76062}"
EndProject
Project("{FAE04EC0-301F-11D3-BF4B-00C04F79EFBC}") = "05.DigitsLettersOther", "05.DigitsLettersOther\05.DigitsLettersOther.csproj", "{F40A29AD-2430-4362-88E6-00FE22CB9278}"
EndProject
Global
	GlobalSection(SolutionConfigurationPlatforms) = preSolution
		Debug|Any CPU = Debug|Any CPU
		Release|Any CPU = Release|Any CPU
	EndGlobalSection
	GlobalSection(ProjectConfigurationPlatforms) = postSolution
		{50CEB43C-FFCA-4D20-9EFE-67A143474BE2}.Debug|Any CPU.ActiveCfg = Debug|Any CPU
		{50CEB43C-FFCA-4D20-9EFE-67A143474BE2}.Debug|Any CPU.Build.0 = Debug|Any CPU
		{50CEB43C-FFCA-4D20-9EFE-67A143474BE2}.Release|Any CPU.ActiveCfg = Release|Any CPU
		{50CEB43C-FFCA-4D20-9EFE-67A143474BE2}.Release|Any CPU.Build.0 = Release|Any CPU
		{2F1EB349-DBC1-4D80-8985-D16538902129}.Debug|Any CPU.ActiveCfg = Debug|Any CPU
		{2F1EB349-DBC1-4D80-8985-D16538902129}.Debug|Any CPU.Build.0 = Debug|Any CPU
		{2F1EB349-DBC1-4D80-8985-D16538902129}.Release|Any CPU.ActiveCfg = Release|Any CPU
		{2F1EB349-DBC1-4D80-8985-D16538902129}.Release|Any CPU.Build.0 = Release|Any CPU
		{B5DE7F8C-EF3A-46C2-9224-492E967E659F}.Debug|Any CPU.ActiveCfg = Debug|Any CPU
		{B5DE7F8C-EF3A-46C2-9224-492E967E659F}.Debug|Any CPU.Build.0 = Debug|Any CPU
		{B5DE7F8C-EF3A-46C2-9224-492E967E659F}.Release|Any CPU.ActiveCfg = Release|Any CPU
		{B5DE7F8C-EF3A-46C2-9224-492E967E659F}.Release|Any CPU.Build.0 = Release|Any CPU
		{386BE109-09E1-4959-8383-F8A91AA76062}.Debug|Any CPU.ActiveCfg = Debug|Any CPU
		{386BE109-09E1-4959-8383-F8A91AA76062}.Debug|Any CPU.Build.0 = Debug|Any CPU
		{386BE109-09E1-4959-8383-F8A91AA76062}.Release|Any CPU.ActiveCfg = Release|Any CPU
		{386BE109-09E1-4959-8383-F8A91AA76062}.Release|Any CPU.Build.0 = Release|Any CPU
		{F40A29AD-2430-4362-88E6-00FE22CB9278}.Debug|Any CPU.ActiveCfg = Debug|Any CPU
		{F40A29AD-2430-4362-88E6-00FE22CB9278}.Debug|Any CPU.Build.0 = Debug|Any CPU
		{F40A29AD-2430-4362-88E6-00FE22CB9278}.Release|Any CPU.ActiveCfg = Release|Any CPU
		{F40A29AD-2430-4362-88E6-00FE22CB9278}.Release|Any CPU.Build.0 = Release|Any CPU
	EndGlobalSection
	GlobalSection(SolutionProperties) = preSolution
		HideSolutionNode = FALSE
	EndGlobalSection
	GlobalSection(ExtensibilityGlobals) = postSolution
		SolutionGuid = {E64B4834-2983-4246-90D3-DC66F38953CC}
	EndGlobalSection
EndGlobal
