
Microsoft Visual Studio Solution File, Format Version 12.00
# Visual Studio Version 16
VisualStudioVersion = 16.0.31515.178
MinimumVisualStudioVersion = 10.0.40219.1
Project("{9A19103F-16F7-4668-BE54-9A1E7A4F7556}") = "02.VillainNames", "02.VillainNames\02.VillainNames.csproj", "{06FABA75-4ADC-4F88-B372-63582E5040DE}"
EndProject
Project("{9A19103F-16F7-4668-BE54-9A1E7A4F7556}") = "03.MinionNames", "03.MinionNames\03.MinionNames.csproj", "{E777D70C-2278-4424-8E16-5F3419259D86}"
EndProject
Project("{9A19103F-16F7-4668-BE54-9A1E7A4F7556}") = "04.AddMinion", "04.AddMinion\04.AddMinion.csproj", "{AB78A12E-67E7-477A-80E1-A8ECAB7EBFDC}"
EndProject
Project("{9A19103F-16F7-4668-BE54-9A1E7A4F7556}") = "05.ChangeTownNamesCasing", "05.ChangeTownNamesCasing\05.ChangeTownNamesCasing.csproj", "{6A133151-D293-429F-9A01-2646988BF9AF}"
EndProject
Project("{9A19103F-16F7-4668-BE54-9A1E7A4F7556}") = "06.RemoveVillain", "06.RemoveVillain\06.RemoveVillain.csproj", "{A774C415-5CBE-42FC-B4D9-97AC06ED2201}"
EndProject
Project("{9A19103F-16F7-4668-BE54-9A1E7A4F7556}") = "07.PrintAllMinionNames", "07.PrintAllMinionNames\07.PrintAllMinionNames.csproj", "{37053F2C-F009-4EC5-A2FF-748A6E08C940}"
EndProject
Project("{FAE04EC0-301F-11D3-BF4B-00C04F79EFBC}") = "08.IncreaseMinionAge", "08.IncreaseMinionAge\08.IncreaseMinionAge.csproj", "{9371D948-DF4D-47FB-BFDC-D92A88A84D1C}"
EndProject
Project("{FAE04EC0-301F-11D3-BF4B-00C04F79EFBC}") = "09.IncreaseAgeStoredProcedure", "09.IncreaseAgeStoredProcedure\09.IncreaseAgeStoredProcedure.csproj", "{C0F8CFFC-AAC4-4345-AA51-3294BD3CBA98}"
EndProject
Global
	GlobalSection(SolutionConfigurationPlatforms) = preSolution
		Debug|Any CPU = Debug|Any CPU
		Release|Any CPU = Release|Any CPU
	EndGlobalSection
	GlobalSection(ProjectConfigurationPlatforms) = postSolution
		{06FABA75-4ADC-4F88-B372-63582E5040DE}.Debug|Any CPU.ActiveCfg = Debug|Any CPU
		{06FABA75-4ADC-4F88-B372-63582E5040DE}.Debug|Any CPU.Build.0 = Debug|Any CPU
		{06FABA75-4ADC-4F88-B372-63582E5040DE}.Release|Any CPU.ActiveCfg = Release|Any CPU
		{06FABA75-4ADC-4F88-B372-63582E5040DE}.Release|Any CPU.Build.0 = Release|Any CPU
		{E777D70C-2278-4424-8E16-5F3419259D86}.Debug|Any CPU.ActiveCfg = Debug|Any CPU
		{E777D70C-2278-4424-8E16-5F3419259D86}.Debug|Any CPU.Build.0 = Debug|Any CPU
		{E777D70C-2278-4424-8E16-5F3419259D86}.Release|Any CPU.ActiveCfg = Release|Any CPU
		{E777D70C-2278-4424-8E16-5F3419259D86}.Release|Any CPU.Build.0 = Release|Any CPU
		{AB78A12E-67E7-477A-80E1-A8ECAB7EBFDC}.Debug|Any CPU.ActiveCfg = Debug|Any CPU
		{AB78A12E-67E7-477A-80E1-A8ECAB7EBFDC}.Debug|Any CPU.Build.0 = Debug|Any CPU
		{AB78A12E-67E7-477A-80E1-A8ECAB7EBFDC}.Release|Any CPU.ActiveCfg = Release|Any CPU
		{AB78A12E-67E7-477A-80E1-A8ECAB7EBFDC}.Release|Any CPU.Build.0 = Release|Any CPU
		{6A133151-D293-429F-9A01-2646988BF9AF}.Debug|Any CPU.ActiveCfg = Debug|Any CPU
		{6A133151-D293-429F-9A01-2646988BF9AF}.Debug|Any CPU.Build.0 = Debug|Any CPU
		{6A133151-D293-429F-9A01-2646988BF9AF}.Release|Any CPU.ActiveCfg = Release|Any CPU
		{6A133151-D293-429F-9A01-2646988BF9AF}.Release|Any CPU.Build.0 = Release|Any CPU
		{A774C415-5CBE-42FC-B4D9-97AC06ED2201}.Debug|Any CPU.ActiveCfg = Debug|Any CPU
		{A774C415-5CBE-42FC-B4D9-97AC06ED2201}.Debug|Any CPU.Build.0 = Debug|Any CPU
		{A774C415-5CBE-42FC-B4D9-97AC06ED2201}.Release|Any CPU.ActiveCfg = Release|Any CPU
		{A774C415-5CBE-42FC-B4D9-97AC06ED2201}.Release|Any CPU.Build.0 = Release|Any CPU
		{37053F2C-F009-4EC5-A2FF-748A6E08C940}.Debug|Any CPU.ActiveCfg = Debug|Any CPU
		{37053F2C-F009-4EC5-A2FF-748A6E08C940}.Debug|Any CPU.Build.0 = Debug|Any CPU
		{37053F2C-F009-4EC5-A2FF-748A6E08C940}.Release|Any CPU.ActiveCfg = Release|Any CPU
		{37053F2C-F009-4EC5-A2FF-748A6E08C940}.Release|Any CPU.Build.0 = Release|Any CPU
		{9371D948-DF4D-47FB-BFDC-D92A88A84D1C}.Debug|Any CPU.ActiveCfg = Debug|Any CPU
		{9371D948-DF4D-47FB-BFDC-D92A88A84D1C}.Debug|Any CPU.Build.0 = Debug|Any CPU
		{9371D948-DF4D-47FB-BFDC-D92A88A84D1C}.Release|Any CPU.ActiveCfg = Release|Any CPU
		{9371D948-DF4D-47FB-BFDC-D92A88A84D1C}.Release|Any CPU.Build.0 = Release|Any CPU
		{C0F8CFFC-AAC4-4345-AA51-3294BD3CBA98}.Debug|Any CPU.ActiveCfg = Debug|Any CPU
		{C0F8CFFC-AAC4-4345-AA51-3294BD3CBA98}.Debug|Any CPU.Build.0 = Debug|Any CPU
		{C0F8CFFC-AAC4-4345-AA51-3294BD3CBA98}.Release|Any CPU.ActiveCfg = Release|Any CPU
		{C0F8CFFC-AAC4-4345-AA51-3294BD3CBA98}.Release|Any CPU.Build.0 = Release|Any CPU
	EndGlobalSection
	GlobalSection(SolutionProperties) = preSolution
		HideSolutionNode = FALSE
	EndGlobalSection
	GlobalSection(ExtensibilityGlobals) = postSolution
		SolutionGuid = {F5731386-8737-4783-BDF9-75AC564ECB86}
	EndGlobalSection
EndGlobal
