
Microsoft Visual Studio Solution File, Format Version 12.00
# Visual Studio Version 16
VisualStudioVersion = 16.0.30804.86
MinimumVisualStudioVersion = 10.0.40219.1
Project("{FAE04EC0-301F-11D3-BF4B-00C04F79EFBC}") = "01.CounterStrike", "01.CounterStrike\01.CounterStrike.csproj", "{6AB310AE-2561-4D08-B345-2A298FFF8583}"
EndProject
Project("{FAE04EC0-301F-11D3-BF4B-00C04F79EFBC}") = "02.ShootFTW", "02.ShootFTW\02.ShootFTW.csproj", "{5ACB4E9B-8DA5-40DA-8783-CFB8017A3E0D}"
EndProject
Project("{FAE04EC0-301F-11D3-BF4B-00C04F79EFBC}") = "03.MovingTarget", "03.MovingTarget\03.MovingTarget.csproj", "{CD33F3A2-F53B-4B04-A12A-CCBF9993A42D}"
EndProject
Global
	GlobalSection(SolutionConfigurationPlatforms) = preSolution
		Debug|Any CPU = Debug|Any CPU
		Release|Any CPU = Release|Any CPU
	EndGlobalSection
	GlobalSection(ProjectConfigurationPlatforms) = postSolution
		{6AB310AE-2561-4D08-B345-2A298FFF8583}.Debug|Any CPU.ActiveCfg = Debug|Any CPU
		{6AB310AE-2561-4D08-B345-2A298FFF8583}.Debug|Any CPU.Build.0 = Debug|Any CPU
		{6AB310AE-2561-4D08-B345-2A298FFF8583}.Release|Any CPU.ActiveCfg = Release|Any CPU
		{6AB310AE-2561-4D08-B345-2A298FFF8583}.Release|Any CPU.Build.0 = Release|Any CPU
		{5ACB4E9B-8DA5-40DA-8783-CFB8017A3E0D}.Debug|Any CPU.ActiveCfg = Debug|Any CPU
		{5ACB4E9B-8DA5-40DA-8783-CFB8017A3E0D}.Debug|Any CPU.Build.0 = Debug|Any CPU
		{5ACB4E9B-8DA5-40DA-8783-CFB8017A3E0D}.Release|Any CPU.ActiveCfg = Release|Any CPU
		{5ACB4E9B-8DA5-40DA-8783-CFB8017A3E0D}.Release|Any CPU.Build.0 = Release|Any CPU
		{CD33F3A2-F53B-4B04-A12A-CCBF9993A42D}.Debug|Any CPU.ActiveCfg = Debug|Any CPU
		{CD33F3A2-F53B-4B04-A12A-CCBF9993A42D}.Debug|Any CPU.Build.0 = Debug|Any CPU
		{CD33F3A2-F53B-4B04-A12A-CCBF9993A42D}.Release|Any CPU.ActiveCfg = Release|Any CPU
		{CD33F3A2-F53B-4B04-A12A-CCBF9993A42D}.Release|Any CPU.Build.0 = Release|Any CPU
	EndGlobalSection
	GlobalSection(SolutionProperties) = preSolution
		HideSolutionNode = FALSE
	EndGlobalSection
	GlobalSection(ExtensibilityGlobals) = postSolution
		SolutionGuid = {7F00C337-23CF-4F4A-9E14-DA1BC1D629E9}
	EndGlobalSection
EndGlobal
