
Microsoft Visual Studio Solution File, Format Version 12.00
# Visual Studio Version 16
VisualStudioVersion = 16.0.31005.135
MinimumVisualStudioVersion = 10.0.40219.1
Project("{FAE04EC0-301F-11D3-BF4B-00C04F79EFBC}") = "01.Shapes", "01.Shapes\01.Shapes.csproj", "{E6EBDF92-2AAE-485D-8CB7-F4A8A2FC0908}"
EndProject
Project("{FAE04EC0-301F-11D3-BF4B-00C04F79EFBC}") = "Cars", "Cars\Cars.csproj", "{EB84F54B-427D-48A2-8864-200C5187D0CF}"
EndProject
Global
	GlobalSection(SolutionConfigurationPlatforms) = preSolution
		Debug|Any CPU = Debug|Any CPU
		Release|Any CPU = Release|Any CPU
	EndGlobalSection
	GlobalSection(ProjectConfigurationPlatforms) = postSolution
		{E6EBDF92-2AAE-485D-8CB7-F4A8A2FC0908}.Debug|Any CPU.ActiveCfg = Debug|Any CPU
		{E6EBDF92-2AAE-485D-8CB7-F4A8A2FC0908}.Debug|Any CPU.Build.0 = Debug|Any CPU
		{E6EBDF92-2AAE-485D-8CB7-F4A8A2FC0908}.Release|Any CPU.ActiveCfg = Release|Any CPU
		{E6EBDF92-2AAE-485D-8CB7-F4A8A2FC0908}.Release|Any CPU.Build.0 = Release|Any CPU
		{EB84F54B-427D-48A2-8864-200C5187D0CF}.Debug|Any CPU.ActiveCfg = Debug|Any CPU
		{EB84F54B-427D-48A2-8864-200C5187D0CF}.Debug|Any CPU.Build.0 = Debug|Any CPU
		{EB84F54B-427D-48A2-8864-200C5187D0CF}.Release|Any CPU.ActiveCfg = Release|Any CPU
		{EB84F54B-427D-48A2-8864-200C5187D0CF}.Release|Any CPU.Build.0 = Release|Any CPU
	EndGlobalSection
	GlobalSection(SolutionProperties) = preSolution
		HideSolutionNode = FALSE
	EndGlobalSection
	GlobalSection(ExtensibilityGlobals) = postSolution
		SolutionGuid = {D1304EA7-FB8B-4524-AC51-0CAA117B7030}
	EndGlobalSection
EndGlobal
