
Microsoft Visual Studio Solution File, Format Version 12.00
# Visual Studio Version 16
VisualStudioVersion = 16.0.30907.101
MinimumVisualStudioVersion = 10.0.40219.1
Project("{FAE04EC0-301F-11D3-BF4B-00C04F79EFBC}") = "01.SortEvenNumbers", "01.SortEvenNumbers\01.SortEvenNumbers.csproj", "{036EA2E1-7ED2-4BDD-9EC6-53D7EE6A8BED}"
EndProject
Project("{FAE04EC0-301F-11D3-BF4B-00C04F79EFBC}") = "02.SumNumbers", "02.SumNumbers\02.SumNumbers.csproj", "{3EA0FE27-C3A3-43B5-AA60-4FBC5C2AC403}"
EndProject
Project("{FAE04EC0-301F-11D3-BF4B-00C04F79EFBC}") = "03.CountUppercaseWords", "03.CountUppercaseWords\03.CountUppercaseWords.csproj", "{B807DB15-42DD-44E3-B0D3-F5B48A0C0A8B}"
EndProject
Project("{FAE04EC0-301F-11D3-BF4B-00C04F79EFBC}") = "04.AddVAT", "04.AddVAT\04.AddVAT.csproj", "{5D17853F-763E-4860-9EEB-C25EC3203F3B}"
EndProject
Project("{FAE04EC0-301F-11D3-BF4B-00C04F79EFBC}") = "05.FilterByAge", "05.FilterByAge\05.FilterByAge.csproj", "{4BBE8EC4-FCAF-42D2-9A83-B626D731A5F9}"
EndProject
Global
	GlobalSection(SolutionConfigurationPlatforms) = preSolution
		Debug|Any CPU = Debug|Any CPU
		Release|Any CPU = Release|Any CPU
	EndGlobalSection
	GlobalSection(ProjectConfigurationPlatforms) = postSolution
		{036EA2E1-7ED2-4BDD-9EC6-53D7EE6A8BED}.Debug|Any CPU.ActiveCfg = Debug|Any CPU
		{036EA2E1-7ED2-4BDD-9EC6-53D7EE6A8BED}.Debug|Any CPU.Build.0 = Debug|Any CPU
		{036EA2E1-7ED2-4BDD-9EC6-53D7EE6A8BED}.Release|Any CPU.ActiveCfg = Release|Any CPU
		{036EA2E1-7ED2-4BDD-9EC6-53D7EE6A8BED}.Release|Any CPU.Build.0 = Release|Any CPU
		{3EA0FE27-C3A3-43B5-AA60-4FBC5C2AC403}.Debug|Any CPU.ActiveCfg = Debug|Any CPU
		{3EA0FE27-C3A3-43B5-AA60-4FBC5C2AC403}.Debug|Any CPU.Build.0 = Debug|Any CPU
		{3EA0FE27-C3A3-43B5-AA60-4FBC5C2AC403}.Release|Any CPU.ActiveCfg = Release|Any CPU
		{3EA0FE27-C3A3-43B5-AA60-4FBC5C2AC403}.Release|Any CPU.Build.0 = Release|Any CPU
		{B807DB15-42DD-44E3-B0D3-F5B48A0C0A8B}.Debug|Any CPU.ActiveCfg = Debug|Any CPU
		{B807DB15-42DD-44E3-B0D3-F5B48A0C0A8B}.Debug|Any CPU.Build.0 = Debug|Any CPU
		{B807DB15-42DD-44E3-B0D3-F5B48A0C0A8B}.Release|Any CPU.ActiveCfg = Release|Any CPU
		{B807DB15-42DD-44E3-B0D3-F5B48A0C0A8B}.Release|Any CPU.Build.0 = Release|Any CPU
		{5D17853F-763E-4860-9EEB-C25EC3203F3B}.Debug|Any CPU.ActiveCfg = Debug|Any CPU
		{5D17853F-763E-4860-9EEB-C25EC3203F3B}.Debug|Any CPU.Build.0 = Debug|Any CPU
		{5D17853F-763E-4860-9EEB-C25EC3203F3B}.Release|Any CPU.ActiveCfg = Release|Any CPU
		{5D17853F-763E-4860-9EEB-C25EC3203F3B}.Release|Any CPU.Build.0 = Release|Any CPU
		{4BBE8EC4-FCAF-42D2-9A83-B626D731A5F9}.Debug|Any CPU.ActiveCfg = Debug|Any CPU
		{4BBE8EC4-FCAF-42D2-9A83-B626D731A5F9}.Debug|Any CPU.Build.0 = Debug|Any CPU
		{4BBE8EC4-FCAF-42D2-9A83-B626D731A5F9}.Release|Any CPU.ActiveCfg = Release|Any CPU
		{4BBE8EC4-FCAF-42D2-9A83-B626D731A5F9}.Release|Any CPU.Build.0 = Release|Any CPU
	EndGlobalSection
	GlobalSection(SolutionProperties) = preSolution
		HideSolutionNode = FALSE
	EndGlobalSection
	GlobalSection(ExtensibilityGlobals) = postSolution
		SolutionGuid = {821B55F7-7B15-4BA9-A90F-17DEA86F28D9}
	EndGlobalSection
EndGlobal
