
Microsoft Visual Studio Solution File, Format Version 12.00
# Visual Studio Version 16
VisualStudioVersion = 16.0.30621.155
MinimumVisualStudioVersion = 10.0.40219.1
Project("{9A19103F-16F7-4668-BE54-9A1E7A4F7556}") = "ArrayStatistics", "ArrayStatistics\ArrayStatistics.csproj", "{4080E515-FC6A-4FBE-8DC1-77991190DC8B}"
EndProject
Project("{9A19103F-16F7-4668-BE54-9A1E7A4F7556}") = "ManipulateArray", "ManipulateArray\ManipulateArray.csproj", "{EEF84251-99AB-407C-B378-084F5F64099D}"
EndProject
Project("{FAE04EC0-301F-11D3-BF4B-00C04F79EFBC}") = "SafeManipulation", "SafeManipulation\SafeManipulation.csproj", "{CA5F1C9B-C447-4083-B2CF-61E8A1BF0C8A}"
EndProject
Global
	GlobalSection(SolutionConfigurationPlatforms) = preSolution
		Debug|Any CPU = Debug|Any CPU
		Release|Any CPU = Release|Any CPU
	EndGlobalSection
	GlobalSection(ProjectConfigurationPlatforms) = postSolution
		{4080E515-FC6A-4FBE-8DC1-77991190DC8B}.Debug|Any CPU.ActiveCfg = Debug|Any CPU
		{4080E515-FC6A-4FBE-8DC1-77991190DC8B}.Debug|Any CPU.Build.0 = Debug|Any CPU
		{4080E515-FC6A-4FBE-8DC1-77991190DC8B}.Release|Any CPU.ActiveCfg = Release|Any CPU
		{4080E515-FC6A-4FBE-8DC1-77991190DC8B}.Release|Any CPU.Build.0 = Release|Any CPU
		{EEF84251-99AB-407C-B378-084F5F64099D}.Debug|Any CPU.ActiveCfg = Debug|Any CPU
		{EEF84251-99AB-407C-B378-084F5F64099D}.Debug|Any CPU.Build.0 = Debug|Any CPU
		{EEF84251-99AB-407C-B378-084F5F64099D}.Release|Any CPU.ActiveCfg = Release|Any CPU
		{EEF84251-99AB-407C-B378-084F5F64099D}.Release|Any CPU.Build.0 = Release|Any CPU
		{CA5F1C9B-C447-4083-B2CF-61E8A1BF0C8A}.Debug|Any CPU.ActiveCfg = Debug|Any CPU
		{CA5F1C9B-C447-4083-B2CF-61E8A1BF0C8A}.Debug|Any CPU.Build.0 = Debug|Any CPU
		{CA5F1C9B-C447-4083-B2CF-61E8A1BF0C8A}.Release|Any CPU.ActiveCfg = Release|Any CPU
		{CA5F1C9B-C447-4083-B2CF-61E8A1BF0C8A}.Release|Any CPU.Build.0 = Release|Any CPU
	EndGlobalSection
	GlobalSection(SolutionProperties) = preSolution
		HideSolutionNode = FALSE
	EndGlobalSection
	GlobalSection(ExtensibilityGlobals) = postSolution
		SolutionGuid = {065AA343-288D-417F-AC8B-17032EF901E0}
	EndGlobalSection
EndGlobal
