
Microsoft Visual Studio Solution File, Format Version 12.00
# Visual Studio Version 16
VisualStudioVersion = 16.0.30907.101
MinimumVisualStudioVersion = 10.0.40219.1
Project("{FAE04EC0-301F-11D3-BF4B-00C04F79EFBC}") = "CustomDoublyLinkedList", "CustomDoublyLinkedList\CustomDoublyLinkedList.csproj", "{4FA07F17-37A8-4858-A80C-9A992138C4AF}"
EndProject
Global
	GlobalSection(SolutionConfigurationPlatforms) = preSolution
		Debug|Any CPU = Debug|Any CPU
		Release|Any CPU = Release|Any CPU
	EndGlobalSection
	GlobalSection(ProjectConfigurationPlatforms) = postSolution
		{4FA07F17-37A8-4858-A80C-9A992138C4AF}.Debug|Any CPU.ActiveCfg = Debug|Any CPU
		{4FA07F17-37A8-4858-A80C-9A992138C4AF}.Debug|Any CPU.Build.0 = Debug|Any CPU
		{4FA07F17-37A8-4858-A80C-9A992138C4AF}.Release|Any CPU.ActiveCfg = Release|Any CPU
		{4FA07F17-37A8-4858-A80C-9A992138C4AF}.Release|Any CPU.Build.0 = Release|Any CPU
	EndGlobalSection
	GlobalSection(SolutionProperties) = preSolution
		HideSolutionNode = FALSE
	EndGlobalSection
	GlobalSection(ExtensibilityGlobals) = postSolution
		SolutionGuid = {92ACF275-1E3B-4981-A74D-BA397A1472EE}
	EndGlobalSection
EndGlobal
