
Microsoft Visual Studio Solution File, Format Version 12.00
# Visual Studio Version 16
VisualStudioVersion = 16.0.31005.135
MinimumVisualStudioVersion = 10.0.40219.1
Project("{FAE04EC0-301F-11D3-BF4B-00C04F79EFBC}") = "Operations", "MathOperation\Operations.csproj", "{5765599F-9E1C-415F-80F4-44A1050A1368}"
EndProject
Project("{FAE04EC0-301F-11D3-BF4B-00C04F79EFBC}") = "Animals", "Animals\Animals.csproj", "{0D84B9AB-B278-43A1-A205-758DF641AFB4}"
EndProject
Project("{FAE04EC0-301F-11D3-BF4B-00C04F79EFBC}") = "Shapes", "Shapes\Shapes.csproj", "{23BB35E3-8F48-4EA5-951D-CA08DD3C6A83}"
EndProject
Global
	GlobalSection(SolutionConfigurationPlatforms) = preSolution
		Debug|Any CPU = Debug|Any CPU
		Release|Any CPU = Release|Any CPU
	EndGlobalSection
	GlobalSection(ProjectConfigurationPlatforms) = postSolution
		{5765599F-9E1C-415F-80F4-44A1050A1368}.Debug|Any CPU.ActiveCfg = Debug|Any CPU
		{5765599F-9E1C-415F-80F4-44A1050A1368}.Debug|Any CPU.Build.0 = Debug|Any CPU
		{5765599F-9E1C-415F-80F4-44A1050A1368}.Release|Any CPU.ActiveCfg = Release|Any CPU
		{5765599F-9E1C-415F-80F4-44A1050A1368}.Release|Any CPU.Build.0 = Release|Any CPU
		{0D84B9AB-B278-43A1-A205-758DF641AFB4}.Debug|Any CPU.ActiveCfg = Debug|Any CPU
		{0D84B9AB-B278-43A1-A205-758DF641AFB4}.Debug|Any CPU.Build.0 = Debug|Any CPU
		{0D84B9AB-B278-43A1-A205-758DF641AFB4}.Release|Any CPU.ActiveCfg = Release|Any CPU
		{0D84B9AB-B278-43A1-A205-758DF641AFB4}.Release|Any CPU.Build.0 = Release|Any CPU
		{23BB35E3-8F48-4EA5-951D-CA08DD3C6A83}.Debug|Any CPU.ActiveCfg = Debug|Any CPU
		{23BB35E3-8F48-4EA5-951D-CA08DD3C6A83}.Debug|Any CPU.Build.0 = Debug|Any CPU
		{23BB35E3-8F48-4EA5-951D-CA08DD3C6A83}.Release|Any CPU.ActiveCfg = Release|Any CPU
		{23BB35E3-8F48-4EA5-951D-CA08DD3C6A83}.Release|Any CPU.Build.0 = Release|Any CPU
	EndGlobalSection
	GlobalSection(SolutionProperties) = preSolution
		HideSolutionNode = FALSE
	EndGlobalSection
	GlobalSection(ExtensibilityGlobals) = postSolution
		SolutionGuid = {86A738EF-AC48-4C43-B732-1A7AFBFE00FD}
	EndGlobalSection
EndGlobal
